// !$*UTF8*$!
{
	archiveVersion = 1;
	classes = {
	};
	objectVersion = 50;
	objects = {

/* Begin PBXBuildFile section */
		C8AE9974240C6E1D003584D6 /* AppDelegate.swift in Sources */ = {isa = PBXBuildFile; fileRef = C8AE9973240C6E1D003584D6 /* AppDelegate.swift */; };
		C8AE9976240C6E1D003584D6 /* SceneDelegate.swift in Sources */ = {isa = PBXBuildFile; fileRef = C8AE9975240C6E1D003584D6 /* SceneDelegate.swift */; };
		C8AE9979240C6E1D003584D6 /* SwiftUI_Practise.xcdatamodeld in Sources */ = {isa = PBXBuildFile; fileRef = C8AE9977240C6E1D003584D6 /* SwiftUI_Practise.xcdatamodeld */; };
		C8AE997B240C6E1D003584D6 /* ContentView.swift in Sources */ = {isa = PBXBuildFile; fileRef = C8AE997A240C6E1D003584D6 /* ContentView.swift */; };
		C8AE997D240C6E1F003584D6 /* Assets.xcassets in Resources */ = {isa = PBXBuildFile; fileRef = C8AE997C240C6E1F003584D6 /* Assets.xcassets */; };
		C8AE9980240C6E1F003584D6 /* Preview Assets.xcassets in Resources */ = {isa = PBXBuildFile; fileRef = C8AE997F240C6E1F003584D6 /* Preview Assets.xcassets */; };
		C8AE9983240C6E1F003584D6 /* LaunchScreen.storyboard in Resources */ = {isa = PBXBuildFile; fileRef = C8AE9981240C6E1F003584D6 /* LaunchScreen.storyboard */; };
		C8F32453241880B8004494FD /* MenuView.swift in Sources */ = {isa = PBXBuildFile; fileRef = C8F32452241880B8004494FD /* MenuView.swift */; };
		C8F324552418886A004494FD /* Home.swift in Sources */ = {isa = PBXBuildFile; fileRef = C8F324542418886A004494FD /* Home.swift */; };
		C8F324592419D80A004494FD /* HomeView.swift in Sources */ = {isa = PBXBuildFile; fileRef = C8F324582419D80A004494FD /* HomeView.swift */; };
		C8F3245B241D6F8B004494FD /* UpdateList.swift in Sources */ = {isa = PBXBuildFile; fileRef = C8F3245A241D6F8B004494FD /* UpdateList.swift */; };
		C8F3245D241D754A004494FD /* UpdateDetail.swift in Sources */ = {isa = PBXBuildFile; fileRef = C8F3245C241D754A004494FD /* UpdateDetail.swift */; };
		C8F3245F241EA821004494FD /* UpdateStore.swift in Sources */ = {isa = PBXBuildFile; fileRef = C8F3245E241EA821004494FD /* UpdateStore.swift */; };
		C8F32461241EB02B004494FD /* TabBar.swift in Sources */ = {isa = PBXBuildFile; fileRef = C8F32460241EB02B004494FD /* TabBar.swift */; };
		C8F324632421C0B4004494FD /* RingView.swift in Sources */ = {isa = PBXBuildFile; fileRef = C8F324622421C0B4004494FD /* RingView.swift */; };
		C8F32488242421D2004494FD /* Modifiers.swift in Sources */ = {isa = PBXBuildFile; fileRef = C8F32487242421D2004494FD /* Modifiers.swift */; };
		C8F324A1242426FA004494FD /* WorkSans-VariableFont_wght.ttf in Resources */ = {isa = PBXBuildFile; fileRef = C8F3248A242426FA004494FD /* WorkSans-VariableFont_wght.ttf */; };
		C8F324A2242426FA004494FD /* WorkSans-Regular.ttf in Resources */ = {isa = PBXBuildFile; fileRef = C8F3248C242426FA004494FD /* WorkSans-Regular.ttf */; };
		C8F324A3242426FA004494FD /* WorkSans-Light.ttf in Resources */ = {isa = PBXBuildFile; fileRef = C8F3248D242426FA004494FD /* WorkSans-Light.ttf */; };
		C8F324A4242426FA004494FD /* WorkSans-ExtraBold.ttf in Resources */ = {isa = PBXBuildFile; fileRef = C8F3248E242426FA004494FD /* WorkSans-ExtraBold.ttf */; };
		C8F324A5242426FA004494FD /* WorkSans-SemiBoldItalic.ttf in Resources */ = {isa = PBXBuildFile; fileRef = C8F3248F242426FA004494FD /* WorkSans-SemiBoldItalic.ttf */; };
		C8F324A6242426FA004494FD /* WorkSans-MediumItalic.ttf in Resources */ = {isa = PBXBuildFile; fileRef = C8F32490242426FA004494FD /* WorkSans-MediumItalic.ttf */; };
		C8F324A7242426FA004494FD /* WorkSans-BoldItalic.ttf in Resources */ = {isa = PBXBuildFile; fileRef = C8F32491242426FA004494FD /* WorkSans-BoldItalic.ttf */; };
		C8F324A8242426FA004494FD /* WorkSans-ExtraLight.ttf in Resources */ = {isa = PBXBuildFile; fileRef = C8F32492242426FA004494FD /* WorkSans-ExtraLight.ttf */; };
		C8F324A9242426FA004494FD /* WorkSans-ThinItalic.ttf in Resources */ = {isa = PBXBuildFile; fileRef = C8F32493242426FA004494FD /* WorkSans-ThinItalic.ttf */; };
		C8F324AA242426FA004494FD /* WorkSans-ExtraLightItalic.ttf in Resources */ = {isa = PBXBuildFile; fileRef = C8F32494242426FA004494FD /* WorkSans-ExtraLightItalic.ttf */; };
		C8F324AB242426FA004494FD /* WorkSans-Medium.ttf in Resources */ = {isa = PBXBuildFile; fileRef = C8F32495242426FA004494FD /* WorkSans-Medium.ttf */; };
		C8F324AC242426FA004494FD /* WorkSans-SemiBold.ttf in Resources */ = {isa = PBXBuildFile; fileRef = C8F32496242426FA004494FD /* WorkSans-SemiBold.ttf */; };
		C8F324AD242426FA004494FD /* WorkSans-Italic.ttf in Resources */ = {isa = PBXBuildFile; fileRef = C8F32497242426FA004494FD /* WorkSans-Italic.ttf */; };
		C8F324AE242426FA004494FD /* WorkSans-BlackItalic.ttf in Resources */ = {isa = PBXBuildFile; fileRef = C8F32498242426FA004494FD /* WorkSans-BlackItalic.ttf */; };
		C8F324AF242426FA004494FD /* WorkSans-Thin.ttf in Resources */ = {isa = PBXBuildFile; fileRef = C8F32499242426FA004494FD /* WorkSans-Thin.ttf */; };
		C8F324B0242426FA004494FD /* WorkSans-Black.ttf in Resources */ = {isa = PBXBuildFile; fileRef = C8F3249A242426FA004494FD /* WorkSans-Black.ttf */; };
		C8F324B1242426FA004494FD /* WorkSans-LightItalic.ttf in Resources */ = {isa = PBXBuildFile; fileRef = C8F3249B242426FA004494FD /* WorkSans-LightItalic.ttf */; };
		C8F324B2242426FA004494FD /* WorkSans-ExtraBoldItalic.ttf in Resources */ = {isa = PBXBuildFile; fileRef = C8F3249C242426FA004494FD /* WorkSans-ExtraBoldItalic.ttf */; };
		C8F324B3242426FA004494FD /* WorkSans-Bold.ttf in Resources */ = {isa = PBXBuildFile; fileRef = C8F3249D242426FA004494FD /* WorkSans-Bold.ttf */; };
		C8F324B4242426FA004494FD /* WorkSans-Italic-VariableFont_wght.ttf in Resources */ = {isa = PBXBuildFile; fileRef = C8F3249E242426FA004494FD /* WorkSans-Italic-VariableFont_wght.ttf */; };
		C8F324B5242426FA004494FD /* OFL.txt in Resources */ = {isa = PBXBuildFile; fileRef = C8F3249F242426FA004494FD /* OFL.txt */; };
		C8F324B6242426FA004494FD /* README.txt in Resources */ = {isa = PBXBuildFile; fileRef = C8F324A0242426FA004494FD /* README.txt */; };
		C8F324B824243412004494FD /* CourseList.swift in Sources */ = {isa = PBXBuildFile; fileRef = C8F324B724243412004494FD /* CourseList.swift */; };
/* End PBXBuildFile section */

/* Begin PBXFileReference section */
		C8AE9970240C6E1D003584D6 /* SwiftUI Practise.app */ = {isa = PBXFileReference; explicitFileType = wrapper.application; includeInIndex = 0; path = "SwiftUI Practise.app"; sourceTree = BUILT_PRODUCTS_DIR; };
		C8AE9973240C6E1D003584D6 /* AppDelegate.swift */ = {isa = PBXFileReference; lastKnownFileType = sourcecode.swift; path = AppDelegate.swift; sourceTree = "<group>"; };
		C8AE9975240C6E1D003584D6 /* SceneDelegate.swift */ = {isa = PBXFileReference; lastKnownFileType = sourcecode.swift; path = SceneDelegate.swift; sourceTree = "<group>"; };
		C8AE9978240C6E1D003584D6 /* SwiftUI_Practise.xcdatamodel */ = {isa = PBXFileReference; lastKnownFileType = wrapper.xcdatamodel; path = SwiftUI_Practise.xcdatamodel; sourceTree = "<group>"; };
		C8AE997A240C6E1D003584D6 /* ContentView.swift */ = {isa = PBXFileReference; lastKnownFileType = sourcecode.swift; path = ContentView.swift; sourceTree = "<group>"; };
		C8AE997C240C6E1F003584D6 /* Assets.xcassets */ = {isa = PBXFileReference; lastKnownFileType = folder.assetcatalog; path = Assets.xcassets; sourceTree = "<group>"; };
		C8AE997F240C6E1F003584D6 /* Preview Assets.xcassets */ = {isa = PBXFileReference; lastKnownFileType = folder.assetcatalog; path = "Preview Assets.xcassets"; sourceTree = "<group>"; };
		C8AE9982240C6E1F003584D6 /* Base */ = {isa = PBXFileReference; lastKnownFileType = file.storyboard; name = Base; path = Base.lproj/LaunchScreen.storyboard; sourceTree = "<group>"; };
		C8AE9984240C6E1F003584D6 /* Info.plist */ = {isa = PBXFileReference; lastKnownFileType = text.plist.xml; path = Info.plist; sourceTree = "<group>"; };
		C8F32452241880B8004494FD /* MenuView.swift */ = {isa = PBXFileReference; lastKnownFileType = sourcecode.swift; path = MenuView.swift; sourceTree = "<group>"; };
		C8F324542418886A004494FD /* Home.swift */ = {isa = PBXFileReference; lastKnownFileType = sourcecode.swift; path = Home.swift; sourceTree = "<group>"; };
		C8F324582419D80A004494FD /* HomeView.swift */ = {isa = PBXFileReference; lastKnownFileType = sourcecode.swift; path = HomeView.swift; sourceTree = "<group>"; };
		C8F3245A241D6F8B004494FD /* UpdateList.swift */ = {isa = PBXFileReference; lastKnownFileType = sourcecode.swift; path = UpdateList.swift; sourceTree = "<group>"; };
		C8F3245C241D754A004494FD /* UpdateDetail.swift */ = {isa = PBXFileReference; lastKnownFileType = sourcecode.swift; path = UpdateDetail.swift; sourceTree = "<group>"; };
		C8F3245E241EA821004494FD /* UpdateStore.swift */ = {isa = PBXFileReference; lastKnownFileType = sourcecode.swift; path = UpdateStore.swift; sourceTree = "<group>"; };
		C8F32460241EB02B004494FD /* TabBar.swift */ = {isa = PBXFileReference; lastKnownFileType = sourcecode.swift; path = TabBar.swift; sourceTree = "<group>"; };
		C8F324622421C0B4004494FD /* RingView.swift */ = {isa = PBXFileReference; lastKnownFileType = sourcecode.swift; path = RingView.swift; sourceTree = "<group>"; };
		C8F32487242421D2004494FD /* Modifiers.swift */ = {isa = PBXFileReference; lastKnownFileType = sourcecode.swift; path = Modifiers.swift; sourceTree = "<group>"; };
		C8F3248A242426FA004494FD /* WorkSans-VariableFont_wght.ttf */ = {isa = PBXFileReference; lastKnownFileType = file; path = "WorkSans-VariableFont_wght.ttf"; sourceTree = "<group>"; };
		C8F3248C242426FA004494FD /* WorkSans-Regular.ttf */ = {isa = PBXFileReference; lastKnownFileType = file; path = "WorkSans-Regular.ttf"; sourceTree = "<group>"; };
		C8F3248D242426FA004494FD /* WorkSans-Light.ttf */ = {isa = PBXFileReference; lastKnownFileType = file; path = "WorkSans-Light.ttf"; sourceTree = "<group>"; };
		C8F3248E242426FA004494FD /* WorkSans-ExtraBold.ttf */ = {isa = PBXFileReference; lastKnownFileType = file; path = "WorkSans-ExtraBold.ttf"; sourceTree = "<group>"; };
		C8F3248F242426FA004494FD /* WorkSans-SemiBoldItalic.ttf */ = {isa = PBXFileReference; lastKnownFileType = file; path = "WorkSans-SemiBoldItalic.ttf"; sourceTree = "<group>"; };
		C8F32490242426FA004494FD /* WorkSans-MediumItalic.ttf */ = {isa = PBXFileReference; lastKnownFileType = file; path = "WorkSans-MediumItalic.ttf"; sourceTree = "<group>"; };
		C8F32491242426FA004494FD /* WorkSans-BoldItalic.ttf */ = {isa = PBXFileReference; lastKnownFileType = file; path = "WorkSans-BoldItalic.ttf"; sourceTree = "<group>"; };
		C8F32492242426FA004494FD /* WorkSans-ExtraLight.ttf */ = {isa = PBXFileReference; lastKnownFileType = file; path = "WorkSans-ExtraLight.ttf"; sourceTree = "<group>"; };
		C8F32493242426FA004494FD /* WorkSans-ThinItalic.ttf */ = {isa = PBXFileReference; lastKnownFileType = file; path = "WorkSans-ThinItalic.ttf"; sourceTree = "<group>"; };
		C8F32494242426FA004494FD /* WorkSans-ExtraLightItalic.ttf */ = {isa = PBXFileReference; lastKnownFileType = file; path = "WorkSans-ExtraLightItalic.ttf"; sourceTree = "<group>"; };
		C8F32495242426FA004494FD /* WorkSans-Medium.ttf */ = {isa = PBXFileReference; lastKnownFileType = file; path = "WorkSans-Medium.ttf"; sourceTree = "<group>"; };
		C8F32496242426FA004494FD /* WorkSans-SemiBold.ttf */ = {isa = PBXFileReference; lastKnownFileType = file; path = "WorkSans-SemiBold.ttf"; sourceTree = "<group>"; };
		C8F32497242426FA004494FD /* WorkSans-Italic.ttf */ = {isa = PBXFileReference; lastKnownFileType = file; path = "WorkSans-Italic.ttf"; sourceTree = "<group>"; };
		C8F32498242426FA004494FD /* WorkSans-BlackItalic.ttf */ = {isa = PBXFileReference; lastKnownFileType = file; path = "WorkSans-BlackItalic.ttf"; sourceTree = "<group>"; };
		C8F32499242426FA004494FD /* WorkSans-Thin.ttf */ = {isa = PBXFileReference; lastKnownFileType = file; path = "WorkSans-Thin.ttf"; sourceTree = "<group>"; };
		C8F3249A242426FA004494FD /* WorkSans-Black.ttf */ = {isa = PBXFileReference; lastKnownFileType = file; path = "WorkSans-Black.ttf"; sourceTree = "<group>"; };
		C8F3249B242426FA004494FD /* WorkSans-LightItalic.ttf */ = {isa = PBXFileReference; lastKnownFileType = file; path = "WorkSans-LightItalic.ttf"; sourceTree = "<group>"; };
		C8F3249C242426FA004494FD /* WorkSans-ExtraBoldItalic.ttf */ = {isa = PBXFileReference; lastKnownFileType = file; path = "WorkSans-ExtraBoldItalic.ttf"; sourceTree = "<group>"; };
		C8F3249D242426FA004494FD /* WorkSans-Bold.ttf */ = {isa = PBXFileReference; lastKnownFileType = file; path = "WorkSans-Bold.ttf"; sourceTree = "<group>"; };
		C8F3249E242426FA004494FD /* WorkSans-Italic-VariableFont_wght.ttf */ = {isa = PBXFileReference; lastKnownFileType = file; path = "WorkSans-Italic-VariableFont_wght.ttf"; sourceTree = "<group>"; };
		C8F3249F242426FA004494FD /* OFL.txt */ = {isa = PBXFileReference; fileEncoding = 4; lastKnownFileType = text; path = OFL.txt; sourceTree = "<group>"; };
		C8F324A0242426FA004494FD /* README.txt */ = {isa = PBXFileReference; fileEncoding = 4; lastKnownFileType = text; path = README.txt; sourceTree = "<group>"; };
		C8F324B724243412004494FD /* CourseList.swift */ = {isa = PBXFileReference; lastKnownFileType = sourcecode.swift; path = CourseList.swift; sourceTree = "<group>"; };
/* End PBXFileReference section */

/* Begin PBXFrameworksBuildPhase section */
		C8AE996D240C6E1D003584D6 /* Frameworks */ = {
			isa = PBXFrameworksBuildPhase;
			buildActionMask = 2147483647;
			files = (
			);
			runOnlyForDeploymentPostprocessing = 0;
		};
/* End PBXFrameworksBuildPhase section */

/* Begin PBXGroup section */
		C8AE9967240C6E1D003584D6 = {
			isa = PBXGroup;
			children = (
				C8AE9972240C6E1D003584D6 /* SwiftUI Practise */,
				C8AE9971240C6E1D003584D6 /* Products */,
			);
			sourceTree = "<group>";
		};
		C8AE9971240C6E1D003584D6 /* Products */ = {
			isa = PBXGroup;
			children = (
				C8AE9970240C6E1D003584D6 /* SwiftUI Practise.app */,
			);
			name = Products;
			sourceTree = "<group>";
		};
		C8AE9972240C6E1D003584D6 /* SwiftUI Practise */ = {
			isa = PBXGroup;
			children = (
				C8AE9973240C6E1D003584D6 /* AppDelegate.swift */,
				C8AE9975240C6E1D003584D6 /* SceneDelegate.swift */,
				C8AE997A240C6E1D003584D6 /* ContentView.swift */,
				C8F324622421C0B4004494FD /* RingView.swift */,
				C8F32487242421D2004494FD /* Modifiers.swift */,
				C8F324542418886A004494FD /* Home.swift */,
				C8F324582419D80A004494FD /* HomeView.swift */,
				C8F324B724243412004494FD /* CourseList.swift */,
				C8F32452241880B8004494FD /* MenuView.swift */,
				C8F3245A241D6F8B004494FD /* UpdateList.swift */,
				C8F3245C241D754A004494FD /* UpdateDetail.swift */,
				C8F3245E241EA821004494FD /* UpdateStore.swift */,
				C8F32460241EB02B004494FD /* TabBar.swift */,
				C8AE997C240C6E1F003584D6 /* Assets.xcassets */,
				C8F32489242426FA004494FD /* Work_Sans */,
				C8AE9981240C6E1F003584D6 /* LaunchScreen.storyboard */,
				C8AE9984240C6E1F003584D6 /* Info.plist */,
				C8AE9977240C6E1D003584D6 /* SwiftUI_Practise.xcdatamodeld */,
				C8AE997E240C6E1F003584D6 /* Preview Content */,
			);
			path = "SwiftUI Practise";
			sourceTree = "<group>";
		};
		C8AE997E240C6E1F003584D6 /* Preview Content */ = {
			isa = PBXGroup;
			children = (
				C8AE997F240C6E1F003584D6 /* Preview Assets.xcassets */,
			);
			path = "Preview Content";
			sourceTree = "<group>";
		};
		C8F32489242426FA004494FD /* Work_Sans */ = {
			isa = PBXGroup;
			children = (
				C8F3248A242426FA004494FD /* WorkSans-VariableFont_wght.ttf */,
				C8F3248B242426FA004494FD /* static */,
				C8F3249E242426FA004494FD /* WorkSans-Italic-VariableFont_wght.ttf */,
				C8F3249F242426FA004494FD /* OFL.txt */,
				C8F324A0242426FA004494FD /* README.txt */,
			);
			path = Work_Sans;
			sourceTree = "<group>";
		};
		C8F3248B242426FA004494FD /* static */ = {
			isa = PBXGroup;
			children = (
				C8F3248C242426FA004494FD /* WorkSans-Regular.ttf */,
				C8F3248D242426FA004494FD /* WorkSans-Light.ttf */,
				C8F3248E242426FA004494FD /* WorkSans-ExtraBold.ttf */,
				C8F3248F242426FA004494FD /* WorkSans-SemiBoldItalic.ttf */,
				C8F32490242426FA004494FD /* WorkSans-MediumItalic.ttf */,
				C8F32491242426FA004494FD /* WorkSans-BoldItalic.ttf */,
				C8F32492242426FA004494FD /* WorkSans-ExtraLight.ttf */,
				C8F32493242426FA004494FD /* WorkSans-ThinItalic.ttf */,
				C8F32494242426FA004494FD /* WorkSans-ExtraLightItalic.ttf */,
				C8F32495242426FA004494FD /* WorkSans-Medium.ttf */,
				C8F32496242426FA004494FD /* WorkSans-SemiBold.ttf */,
				C8F32497242426FA004494FD /* WorkSans-Italic.ttf */,
				C8F32498242426FA004494FD /* WorkSans-BlackItalic.ttf */,
				C8F32499242426FA004494FD /* WorkSans-Thin.ttf */,
				C8F3249A242426FA004494FD /* WorkSans-Black.ttf */,
				C8F3249B242426FA004494FD /* WorkSans-LightItalic.ttf */,
				C8F3249C242426FA004494FD /* WorkSans-ExtraBoldItalic.ttf */,
				C8F3249D242426FA004494FD /* WorkSans-Bold.ttf */,
			);
			path = static;
			sourceTree = "<group>";
		};
/* End PBXGroup section */

/* Begin PBXNativeTarget section */
		C8AE996F240C6E1D003584D6 /* SwiftUI Practise */ = {
			isa = PBXNativeTarget;
			buildConfigurationList = C8AE9987240C6E1F003584D6 /* Build configuration list for PBXNativeTarget "SwiftUI Practise" */;
			buildPhases = (
				C8AE996C240C6E1D003584D6 /* Sources */,
				C8AE996D240C6E1D003584D6 /* Frameworks */,
				C8AE996E240C6E1D003584D6 /* Resources */,
			);
			buildRules = (
			);
			dependencies = (
			);
			name = "SwiftUI Practise";
			productName = "SwiftUI Practise";
			productReference = C8AE9970240C6E1D003584D6 /* SwiftUI Practise.app */;
			productType = "com.apple.product-type.application";
		};
/* End PBXNativeTarget section */

/* Begin PBXProject section */
		C8AE9968240C6E1D003584D6 /* Project object */ = {
			isa = PBXProject;
			attributes = {
				LastSwiftUpdateCheck = 1130;
				LastUpgradeCheck = 1130;
				ORGANIZATIONNAME = "Sterling Mortensen";
				TargetAttributes = {
					C8AE996F240C6E1D003584D6 = {
						CreatedOnToolsVersion = 11.3.1;
					};
				};
			};
			buildConfigurationList = C8AE996B240C6E1D003584D6 /* Build configuration list for PBXProject "SwiftUI Practise" */;
			compatibilityVersion = "Xcode 9.3";
			developmentRegion = en;
			hasScannedForEncodings = 0;
			knownRegions = (
				en,
				Base,
			);
			mainGroup = C8AE9967240C6E1D003584D6;
			productRefGroup = C8AE9971240C6E1D003584D6 /* Products */;
			projectDirPath = "";
			projectRoot = "";
			targets = (
				C8AE996F240C6E1D003584D6 /* SwiftUI Practise */,
			);
		};
/* End PBXProject section */

/* Begin PBXResourcesBuildPhase section */
		C8AE996E240C6E1D003584D6 /* Resources */ = {
			isa = PBXResourcesBuildPhase;
			buildActionMask = 2147483647;
			files = (
				C8F324AC242426FA004494FD /* WorkSans-SemiBold.ttf in Resources */,
				C8AE9983240C6E1F003584D6 /* LaunchScreen.storyboard in Resources */,
				C8F324B0242426FA004494FD /* WorkSans-Black.ttf in Resources */,
				C8F324A6242426FA004494FD /* WorkSans-MediumItalic.ttf in Resources */,
				C8F324AF242426FA004494FD /* WorkSans-Thin.ttf in Resources */,
				C8F324A5242426FA004494FD /* WorkSans-SemiBoldItalic.ttf in Resources */,
				C8F324B5242426FA004494FD /* OFL.txt in Resources */,
				C8F324A7242426FA004494FD /* WorkSans-BoldItalic.ttf in Resources */,
				C8F324B3242426FA004494FD /* WorkSans-Bold.ttf in Resources */,
				C8F324A3242426FA004494FD /* WorkSans-Light.ttf in Resources */,
				C8F324AE242426FA004494FD /* WorkSans-BlackItalic.ttf in Resources */,
				C8F324B2242426FA004494FD /* WorkSans-ExtraBoldItalic.ttf in Resources */,
				C8F324AB242426FA004494FD /* WorkSans-Medium.ttf in Resources */,
				C8F324A9242426FA004494FD /* WorkSans-ThinItalic.ttf in Resources */,
				C8F324B6242426FA004494FD /* README.txt in Resources */,
				C8F324A8242426FA004494FD /* WorkSans-ExtraLight.ttf in Resources */,
				C8F324A4242426FA004494FD /* WorkSans-ExtraBold.ttf in Resources */,
				C8F324AD242426FA004494FD /* WorkSans-Italic.ttf in Resources */,
				C8F324B4242426FA004494FD /* WorkSans-Italic-VariableFont_wght.ttf in Resources */,
				C8F324A1242426FA004494FD /* WorkSans-VariableFont_wght.ttf in Resources */,
				C8F324AA242426FA004494FD /* WorkSans-ExtraLightItalic.ttf in Resources */,
				C8AE9980240C6E1F003584D6 /* Preview Assets.xcassets in Resources */,
				C8AE997D240C6E1F003584D6 /* Assets.xcassets in Resources */,
				C8F324A2242426FA004494FD /* WorkSans-Regular.ttf in Resources */,
				C8F324B1242426FA004494FD /* WorkSans-LightItalic.ttf in Resources */,
			);
			runOnlyForDeploymentPostprocessing = 0;
		};
/* End PBXResourcesBuildPhase section */

/* Begin PBXSourcesBuildPhase section */
		C8AE996C240C6E1D003584D6 /* Sources */ = {
			isa = PBXSourcesBuildPhase;
			buildActionMask = 2147483647;
			files = (
				C8F324632421C0B4004494FD /* RingView.swift in Sources */,
				C8F32453241880B8004494FD /* MenuView.swift in Sources */,
				C8F324592419D80A004494FD /* HomeView.swift in Sources */,
				C8F3245D241D754A004494FD /* UpdateDetail.swift in Sources */,
				C8F3245B241D6F8B004494FD /* UpdateList.swift in Sources */,
				C8AE9979240C6E1D003584D6 /* SwiftUI_Practise.xcdatamodeld in Sources */,
				C8F324B824243412004494FD /* CourseList.swift in Sources */,
				C8AE9974240C6E1D003584D6 /* AppDelegate.swift in Sources */,
				C8F3245F241EA821004494FD /* UpdateStore.swift in Sources */,
				C8AE997B240C6E1D003584D6 /* ContentView.swift in Sources */,
				C8F32461241EB02B004494FD /* TabBar.swift in Sources */,
				C8F324552418886A004494FD /* Home.swift in Sources */,
				C8AE9976240C6E1D003584D6 /* SceneDelegate.swift in Sources */,
				C8F32488242421D2004494FD /* Modifiers.swift in Sources */,
			);
			runOnlyForDeploymentPostprocessing = 0;
		};
/* End PBXSourcesBuildPhase section */

/* Begin PBXVariantGroup section */
		C8AE9981240C6E1F003584D6 /* LaunchScreen.storyboard */ = {
			isa = PBXVariantGroup;
			children = (
				C8AE9982240C6E1F003584D6 /* Base */,
			);
			name = LaunchScreen.storyboard;
			sourceTree = "<group>";
		};
/* End PBXVariantGroup section */

/* Begin XCBuildConfiguration section */
		C8AE9985240C6E1F003584D6 /* Debug */ = {
			isa = XCBuildConfiguration;
			buildSettings = {
				ALWAYS_SEARCH_USER_PATHS = NO;
				CLANG_ANALYZER_NONNULL = YES;
				CLANG_ANALYZER_NUMBER_OBJECT_CONVERSION = YES_AGGRESSIVE;
				CLANG_CXX_LANGUAGE_STANDARD = "gnu++14";
				CLANG_CXX_LIBRARY = "libc++";
				CLANG_ENABLE_MODULES = YES;
				CLANG_ENABLE_OBJC_ARC = YES;
				CLANG_ENABLE_OBJC_WEAK = YES;
				CLANG_WARN_BLOCK_CAPTURE_AUTORELEASING = YES;
				CLANG_WARN_BOOL_CONVERSION = YES;
				CLANG_WARN_COMMA = YES;
				CLANG_WARN_CONSTANT_CONVERSION = YES;
				CLANG_WARN_DEPRECATED_OBJC_IMPLEMENTATIONS = YES;
				CLANG_WARN_DIRECT_OBJC_ISA_USAGE = YES_ERROR;
				CLANG_WARN_DOCUMENTATION_COMMENTS = YES;
				CLANG_WARN_EMPTY_BODY = YES;
				CLANG_WARN_ENUM_CONVERSION = YES;
				CLANG_WARN_INFINITE_RECURSION = YES;
				CLANG_WARN_INT_CONVERSION = YES;
				CLANG_WARN_NON_LITERAL_NULL_CONVERSION = YES;
				CLANG_WARN_OBJC_IMPLICIT_RETAIN_SELF = YES;
				CLANG_WARN_OBJC_LITERAL_CONVERSION = YES;
				CLANG_WARN_OBJC_ROOT_CLASS = YES_ERROR;
				CLANG_WARN_RANGE_LOOP_ANALYSIS = YES;
				CLANG_WARN_STRICT_PROTOTYPES = YES;
				CLANG_WARN_SUSPICIOUS_MOVE = YES;
				CLANG_WARN_UNGUARDED_AVAILABILITY = YES_AGGRESSIVE;
				CLANG_WARN_UNREACHABLE_CODE = YES;
				CLANG_WARN__DUPLICATE_METHOD_MATCH = YES;
				COPY_PHASE_STRIP = NO;
				DEBUG_INFORMATION_FORMAT = dwarf;
				ENABLE_STRICT_OBJC_MSGSEND = YES;
				ENABLE_TESTABILITY = YES;
				GCC_C_LANGUAGE_STANDARD = gnu11;
				GCC_DYNAMIC_NO_PIC = NO;
				GCC_NO_COMMON_BLOCKS = YES;
				GCC_OPTIMIZATION_LEVEL = 0;
				GCC_PREPROCESSOR_DEFINITIONS = (
					"DEBUG=1",
					"$(inherited)",
				);
				GCC_WARN_64_TO_32_BIT_CONVERSION = YES;
				GCC_WARN_ABOUT_RETURN_TYPE = YES_ERROR;
				GCC_WARN_UNDECLARED_SELECTOR = YES;
				GCC_WARN_UNINITIALIZED_AUTOS = YES_AGGRESSIVE;
				GCC_WARN_UNUSED_FUNCTION = YES;
				GCC_WARN_UNUSED_VARIABLE = YES;
				IPHONEOS_DEPLOYMENT_TARGET = 13.2;
				MTL_ENABLE_DEBUG_INFO = INCLUDE_SOURCE;
				MTL_FAST_MATH = YES;
				ONLY_ACTIVE_ARCH = YES;
				SDKROOT = iphoneos;
				SWIFT_ACTIVE_COMPILATION_CONDITIONS = DEBUG;
				SWIFT_OPTIMIZATION_LEVEL = "-Onone";
			};
			name = Debug;
		};
		C8AE9986240C6E1F003584D6 /* Release */ = {
			isa = XCBuildConfiguration;
			buildSettings = {
				ALWAYS_SEARCH_USER_PATHS = NO;
				CLANG_ANALYZER_NONNULL = YES;
				CLANG_ANALYZER_NUMBER_OBJECT_CONVERSION = YES_AGGRESSIVE;
				CLANG_CXX_LANGUAGE_STANDARD = "gnu++14";
				CLANG_CXX_LIBRARY = "libc++";
				CLANG_ENABLE_MODULES = YES;
				CLANG_ENABLE_OBJC_ARC = YES;
				CLANG_ENABLE_OBJC_WEAK = YES;
				CLANG_WARN_BLOCK_CAPTURE_AUTORELEASING = YES;
				CLANG_WARN_BOOL_CONVERSION = YES;
				CLANG_WARN_COMMA = YES;
				CLANG_WARN_CONSTANT_CONVERSION = YES;
				CLANG_WARN_DEPRECATED_OBJC_IMPLEMENTATIONS = YES;
				CLANG_WARN_DIRECT_OBJC_ISA_USAGE = YES_ERROR;
				CLANG_WARN_DOCUMENTATION_COMMENTS = YES;
				CLANG_WARN_EMPTY_BODY = YES;
				CLANG_WARN_ENUM_CONVERSION = YES;
				CLANG_WARN_INFINITE_RECURSION = YES;
				CLANG_WARN_INT_CONVERSION = YES;
				CLANG_WARN_NON_LITERAL_NULL_CONVERSION = YES;
				CLANG_WARN_OBJC_IMPLICIT_RETAIN_SELF = YES;
				CLANG_WARN_OBJC_LITERAL_CONVERSION = YES;
				CLANG_WARN_OBJC_ROOT_CLASS = YES_ERROR;
				CLANG_WARN_RANGE_LOOP_ANALYSIS = YES;
				CLANG_WARN_STRICT_PROTOTYPES = YES;
				CLANG_WARN_SUSPICIOUS_MOVE = YES;
				CLANG_WARN_UNGUARDED_AVAILABILITY = YES_AGGRESSIVE;
				CLANG_WARN_UNREACHABLE_CODE = YES;
				CLANG_WARN__DUPLICATE_METHOD_MATCH = YES;
				COPY_PHASE_STRIP = NO;
				DEBUG_INFORMATION_FORMAT = "dwarf-with-dsym";
				ENABLE_NS_ASSERTIONS = NO;
				ENABLE_STRICT_OBJC_MSGSEND = YES;
				GCC_C_LANGUAGE_STANDARD = gnu11;
				GCC_NO_COMMON_BLOCKS = YES;
				GCC_WARN_64_TO_32_BIT_CONVERSION = YES;
				GCC_WARN_ABOUT_RETURN_TYPE = YES_ERROR;
				GCC_WARN_UNDECLARED_SELECTOR = YES;
				GCC_WARN_UNINITIALIZED_AUTOS = YES_AGGRESSIVE;
				GCC_WARN_UNUSED_FUNCTION = YES;
				GCC_WARN_UNUSED_VARIABLE = YES;
				IPHONEOS_DEPLOYMENT_TARGET = 13.2;
				MTL_ENABLE_DEBUG_INFO = NO;
				MTL_FAST_MATH = YES;
				SDKROOT = iphoneos;
				SWIFT_COMPILATION_MODE = wholemodule;
				SWIFT_OPTIMIZATION_LEVEL = "-O";
				VALIDATE_PRODUCT = YES;
			};
			name = Release;
		};
		C8AE9988240C6E1F003584D6 /* Debug */ = {
			isa = XCBuildConfiguration;
			buildSettings = {
				ASSETCATALOG_COMPILER_APPICON_NAME = AppIcon;
				CODE_SIGN_STYLE = Automatic;
				DEVELOPMENT_ASSET_PATHS = "\"SwiftUI Practise/Preview Content\"";
				DEVELOPMENT_TEAM = 5H73PY6T7Z;
				ENABLE_PREVIEWS = YES;
				INFOPLIST_FILE = "SwiftUI Practise/Info.plist";
				LD_RUNPATH_SEARCH_PATHS = (
					"$(inherited)",
					"@executable_path/Frameworks",
				);
				PRODUCT_BUNDLE_IDENTIFIER = "com.GitSwifty.SwiftUI-Practise";
				PRODUCT_NAME = "$(TARGET_NAME)";
				SWIFT_VERSION = 5.0;
				TARGETED_DEVICE_FAMILY = "1,2";
			};
			name = Debug;
		};
		C8AE9989240C6E1F003584D6 /* Release */ = {
			isa = XCBuildConfiguration;
			buildSettings = {
				ASSETCATALOG_COMPILER_APPICON_NAME = AppIcon;
				CODE_SIGN_STYLE = Automatic;
				DEVELOPMENT_ASSET_PATHS = "\"SwiftUI Practise/Preview Content\"";
				DEVELOPMENT_TEAM = 5H73PY6T7Z;
				ENABLE_PREVIEWS = YES;
				INFOPLIST_FILE = "SwiftUI Practise/Info.plist";
				LD_RUNPATH_SEARCH_PATHS = (
					"$(inherited)",
					"@executable_path/Frameworks",
				);
				PRODUCT_BUNDLE_IDENTIFIER = "com.GitSwifty.SwiftUI-Practise";
				PRODUCT_NAME = "$(TARGET_NAME)";
				SWIFT_VERSION = 5.0;
				TARGETED_DEVICE_FAMILY = "1,2";
			};
			name = Release;
		};
/* End XCBuildConfiguration section */

/* Begin XCConfigurationList section */
		C8AE996B240C6E1D003584D6 /* Build configuration list for PBXProject "SwiftUI Practise" */ = {
			isa = XCConfigurationList;
			buildConfigurations = (
				C8AE9985240C6E1F003584D6 /* Debug */,
				C8AE9986240C6E1F003584D6 /* Release */,
			);
			defaultConfigurationIsVisible = 0;
			defaultConfigurationName = Release;
		};
		C8AE9987240C6E1F003584D6 /* Build configuration list for PBXNativeTarget "SwiftUI Practise" */ = {
			isa = XCConfigurationList;
			buildConfigurations = (
				C8AE9988240C6E1F003584D6 /* Debug */,
				C8AE9989240C6E1F003584D6 /* Release */,
			);
			defaultConfigurationIsVisible = 0;
			defaultConfigurationName = Release;
		};
/* End XCConfigurationList section */

/* Begin XCVersionGroup section */
		C8AE9977240C6E1D003584D6 /* SwiftUI_Practise.xcdatamodeld */ = {
			isa = XCVersionGroup;
			children = (
				C8AE9978240C6E1D003584D6 /* SwiftUI_Practise.xcdatamodel */,
			);
			currentVersion = C8AE9978240C6E1D003584D6 /* SwiftUI_Practise.xcdatamodel */;
			path = SwiftUI_Practise.xcdatamodeld;
			sourceTree = "<group>";
			versionGroupType = wrapper.xcdatamodel;
		};
/* End XCVersionGroup section */
	};
	rootObject = C8AE9968240C6E1D003584D6 /* Project object */;
}
